
Microsoft Visual Studio Solution File, Format Version 12.00
# Visual Studio Version 17
VisualStudioVersion = 17.4.33205.214
MinimumVisualStudioVersion = 10.0.40219.1
Project("{FAE04EC0-301F-11D3-BF4B-00C04F79EFBC}") = "StringHomeTask1", "StringHomeTask1\StringHomeTask1.csproj", "{E7C10861-112C-452C-8CD6-3379B7971385}"
EndProject
Global
	GlobalSection(SolutionConfigurationPlatforms) = preSolution
		Debug|Any CPU = Debug|Any CPU
		Release|Any CPU = Release|Any CPU
	EndGlobalSection
	GlobalSection(ProjectConfigurationPlatforms) = postSolution
		{E7C10861-112C-452C-8CD6-3379B7971385}.Debug|Any CPU.ActiveCfg = Debug|Any CPU
		{E7C10861-112C-452C-8CD6-3379B7971385}.Debug|Any CPU.Build.0 = Debug|Any CPU
		{E7C10861-112C-452C-8CD6-3379B7971385}.Release|Any CPU.ActiveCfg = Release|Any CPU
		{E7C10861-112C-452C-8CD6-3379B7971385}.Release|Any CPU.Build.0 = Release|Any CPU
	EndGlobalSection
	GlobalSection(SolutionProperties) = preSolution
		HideSolutionNode = FALSE
	EndGlobalSection
	GlobalSection(ExtensibilityGlobals) = postSolution
		SolutionGuid = {FBC79F09-F1B5-45D3-9722-7EA7F218126A}
	EndGlobalSection
EndGlobal
